// !$*UTF8*$!
{
	archiveVersion = 1;
	classes = {
	};
	objectVersion = 56;
	objects = {

/* Begin PBXBuildFile section */
		6714D9912A10F013001CBD73 /* URLImage in Frameworks */ = {isa = PBXBuildFile; productRef = 6714D9902A10F013001CBD73 /* URLImage */; };
		6771D8D72A0AD54100D5C683 /* ArtistViewModel.swift in Sources */ = {isa = PBXBuildFile; fileRef = 6771D8D62A0AD54100D5C683 /* ArtistViewModel.swift */; };
		6771D8D92A0AD7FF00D5C683 /* AlbumViewModel.swift in Sources */ = {isa = PBXBuildFile; fileRef = 6771D8D82A0AD7FF00D5C683 /* AlbumViewModel.swift */; };
		6771D8DB2A0AEA8F00D5C683 /* SongViewModel.swift in Sources */ = {isa = PBXBuildFile; fileRef = 6771D8DA2A0AEA8F00D5C683 /* SongViewModel.swift */; };
		6771D8DF2A0C3DDA00D5C683 /* LikedSongsView.swift in Sources */ = {isa = PBXBuildFile; fileRef = 6771D8DE2A0C3DDA00D5C683 /* LikedSongsView.swift */; };
		6771D8E12A0C3DE500D5C683 /* NavView.swift in Sources */ = {isa = PBXBuildFile; fileRef = 6771D8E02A0C3DE500D5C683 /* NavView.swift */; };
		67A8E9E12A0EACBA00D48A91 /* CoreDataModel.xcdatamodeld in Sources */ = {isa = PBXBuildFile; fileRef = 67A8E9DF2A0EACBA00D48A91 /* CoreDataModel.xcdatamodeld */; };
		67A8E9E32A0FCA2300D48A91 /* UserData.swift in Sources */ = {isa = PBXBuildFile; fileRef = 67A8E9E22A0FCA2300D48A91 /* UserData.swift */; };
		67E45BAD2A0AA42100B0F711 /* denemeApp.swift in Sources */ = {isa = PBXBuildFile; fileRef = 67E45BAC2A0AA42100B0F711 /* denemeApp.swift */; };
		67E45BAF2A0AA42100B0F711 /* ContentView.swift in Sources */ = {isa = PBXBuildFile; fileRef = 67E45BAE2A0AA42100B0F711 /* ContentView.swift */; };
		67E45BB12A0AA42200B0F711 /* Assets.xcassets in Resources */ = {isa = PBXBuildFile; fileRef = 67E45BB02A0AA42200B0F711 /* Assets.xcassets */; };
		67E45BB42A0AA42200B0F711 /* Preview Assets.xcassets in Resources */ = {isa = PBXBuildFile; fileRef = 67E45BB32A0AA42200B0F711 /* Preview Assets.xcassets */; };
		67E45BBB2A0AA42800B0F711 /* GenreModel.swift in Sources */ = {isa = PBXBuildFile; fileRef = 67E45BBA2A0AA42800B0F711 /* GenreModel.swift */; };
		67E45BBD2A0AA4B500B0F711 /* GenreViewModel.swift in Sources */ = {isa = PBXBuildFile; fileRef = 67E45BBC2A0AA4B500B0F711 /* GenreViewModel.swift */; };
		67E45BC02A0ABC4900B0F711 /* Kingfisher in Frameworks */ = {isa = PBXBuildFile; productRef = 67E45BBF2A0ABC4900B0F711 /* Kingfisher */; };
/* End PBXBuildFile section */

/* Begin PBXFileReference section */
		6714D98E2A103ADE001CBD73 /* Info.plist */ = {isa = PBXFileReference; lastKnownFileType = text.plist; path = Info.plist; sourceTree = "<group>"; };
		6771D8D62A0AD54100D5C683 /* ArtistViewModel.swift */ = {isa = PBXFileReference; lastKnownFileType = sourcecode.swift; path = ArtistViewModel.swift; sourceTree = "<group>"; };
		6771D8D82A0AD7FF00D5C683 /* AlbumViewModel.swift */ = {isa = PBXFileReference; lastKnownFileType = sourcecode.swift; path = AlbumViewModel.swift; sourceTree = "<group>"; };
		6771D8DA2A0AEA8F00D5C683 /* SongViewModel.swift */ = {isa = PBXFileReference; lastKnownFileType = sourcecode.swift; path = SongViewModel.swift; sourceTree = "<group>"; };
		6771D8DE2A0C3DDA00D5C683 /* LikedSongsView.swift */ = {isa = PBXFileReference; lastKnownFileType = sourcecode.swift; path = LikedSongsView.swift; sourceTree = "<group>"; };
		6771D8E02A0C3DE500D5C683 /* NavView.swift */ = {isa = PBXFileReference; lastKnownFileType = sourcecode.swift; path = NavView.swift; sourceTree = "<group>"; };
		67A8E9E02A0EACBA00D48A91 /* CoreDataModel.xcdatamodel */ = {isa = PBXFileReference; lastKnownFileType = wrapper.xcdatamodel; path = CoreDataModel.xcdatamodel; sourceTree = "<group>"; };
		67A8E9E22A0FCA2300D48A91 /* UserData.swift */ = {isa = PBXFileReference; lastKnownFileType = sourcecode.swift; path = UserData.swift; sourceTree = "<group>"; };
		67E45BA92A0AA42100B0F711 /* deneme.app */ = {isa = PBXFileReference; explicitFileType = wrapper.application; includeInIndex = 0; path = deneme.app; sourceTree = BUILT_PRODUCTS_DIR; };
		67E45BAC2A0AA42100B0F711 /* denemeApp.swift */ = {isa = PBXFileReference; lastKnownFileType = sourcecode.swift; path = denemeApp.swift; sourceTree = "<group>"; };
		67E45BAE2A0AA42100B0F711 /* ContentView.swift */ = {isa = PBXFileReference; lastKnownFileType = sourcecode.swift; path = ContentView.swift; sourceTree = "<group>"; };
		67E45BB02A0AA42200B0F711 /* Assets.xcassets */ = {isa = PBXFileReference; lastKnownFileType = folder.assetcatalog; path = Assets.xcassets; sourceTree = "<group>"; };
		67E45BB32A0AA42200B0F711 /* Preview Assets.xcassets */ = {isa = PBXFileReference; lastKnownFileType = folder.assetcatalog; path = "Preview Assets.xcassets"; sourceTree = "<group>"; };
		67E45BBA2A0AA42800B0F711 /* GenreModel.swift */ = {isa = PBXFileReference; lastKnownFileType = sourcecode.swift; path = GenreModel.swift; sourceTree = "<group>"; };
		67E45BBC2A0AA4B500B0F711 /* GenreViewModel.swift */ = {isa = PBXFileReference; lastKnownFileType = sourcecode.swift; path = GenreViewModel.swift; sourceTree = "<group>"; };
/* End PBXFileReference section */

/* Begin PBXFrameworksBuildPhase section */
		67E45BA62A0AA42100B0F711 /* Frameworks */ = {
			isa = PBXFrameworksBuildPhase;
			buildActionMask = 2147483647;
			files = (
				6714D9912A10F013001CBD73 /* URLImage in Frameworks */,
				67E45BC02A0ABC4900B0F711 /* Kingfisher in Frameworks */,
			);
			runOnlyForDeploymentPostprocessing = 0;
		};
/* End PBXFrameworksBuildPhase section */

/* Begin PBXGroup section */
		67E45BA02A0AA42100B0F711 = {
			isa = PBXGroup;
			children = (
				67E45BAB2A0AA42100B0F711 /* deneme */,
				67E45BAA2A0AA42100B0F711 /* Products */,
			);
			sourceTree = "<group>";
		};
		67E45BAA2A0AA42100B0F711 /* Products */ = {
			isa = PBXGroup;
			children = (
				67E45BA92A0AA42100B0F711 /* deneme.app */,
			);
			name = Products;
			sourceTree = "<group>";
		};
		67E45BAB2A0AA42100B0F711 /* deneme */ = {
			isa = PBXGroup;
			children = (
				6714D98E2A103ADE001CBD73 /* Info.plist */,
				67E45BAC2A0AA42100B0F711 /* denemeApp.swift */,
				67E45BAE2A0AA42100B0F711 /* ContentView.swift */,
				67A8E9E22A0FCA2300D48A91 /* UserData.swift */,
				67E45BC22A0ABC9900B0F711 /* ViewModels */,
				67E45BC12A0ABC9500B0F711 /* Models */,
				67E45BB02A0AA42200B0F711 /* Assets.xcassets */,
				67E45BB22A0AA42200B0F711 /* Preview Content */,
				6771D8DE2A0C3DDA00D5C683 /* LikedSongsView.swift */,
				6771D8E02A0C3DE500D5C683 /* NavView.swift */,
				67A8E9DF2A0EACBA00D48A91 /* CoreDataModel.xcdatamodeld */,
			);
			path = deneme;
			sourceTree = "<group>";
		};
		67E45BB22A0AA42200B0F711 /* Preview Content */ = {
			isa = PBXGroup;
			children = (
				67E45BB32A0AA42200B0F711 /* Preview Assets.xcassets */,
			);
			path = "Preview Content";
			sourceTree = "<group>";
		};
		67E45BC12A0ABC9500B0F711 /* Models */ = {
			isa = PBXGroup;
			children = (
				67E45BBA2A0AA42800B0F711 /* GenreModel.swift */,
			);
			path = Models;
			sourceTree = "<group>";
		};
		67E45BC22A0ABC9900B0F711 /* ViewModels */ = {
			isa = PBXGroup;
			children = (
				67E45BBC2A0AA4B500B0F711 /* GenreViewModel.swift */,
				6771D8D62A0AD54100D5C683 /* ArtistViewModel.swift */,
				6771D8D82A0AD7FF00D5C683 /* AlbumViewModel.swift */,
				6771D8DA2A0AEA8F00D5C683 /* SongViewModel.swift */,
			);
			path = ViewModels;
			sourceTree = "<group>";
		};
/* End PBXGroup section */

/* Begin PBXNativeTarget section */
		67E45BA82A0AA42100B0F711 /* deneme */ = {
			isa = PBXNativeTarget;
			buildConfigurationList = 67E45BB72A0AA42200B0F711 /* Build configuration list for PBXNativeTarget "deneme" */;
			buildPhases = (
				67E45BA52A0AA42100B0F711 /* Sources */,
				67E45BA62A0AA42100B0F711 /* Frameworks */,
				67E45BA72A0AA42100B0F711 /* Resources */,
			);
			buildRules = (
			);
			dependencies = (
			);
			name = deneme;
			packageProductDependencies = (
				67E45BBF2A0ABC4900B0F711 /* Kingfisher */,
				6714D9902A10F013001CBD73 /* URLImage */,
			);
			productName = deneme;
			productReference = 67E45BA92A0AA42100B0F711 /* deneme.app */;
			productType = "com.apple.product-type.application";
		};
/* End PBXNativeTarget section */

/* Begin PBXProject section */
		67E45BA12A0AA42100B0F711 /* Project object */ = {
			isa = PBXProject;
			attributes = {
				BuildIndependentTargetsInParallel = 1;
				LastSwiftUpdateCheck = 1420;
				LastUpgradeCheck = 1420;
				TargetAttributes = {
					67E45BA82A0AA42100B0F711 = {
						CreatedOnToolsVersion = 14.2;
					};
				};
			};
			buildConfigurationList = 67E45BA42A0AA42100B0F711 /* Build configuration list for PBXProject "deneme" */;
			compatibilityVersion = "Xcode 14.0";
			developmentRegion = en;
			hasScannedForEncodings = 0;
			knownRegions = (
				en,
				Base,
			);
			mainGroup = 67E45BA02A0AA42100B0F711;
			packageReferences = (
				67E45BBE2A0ABC4900B0F711 /* XCRemoteSwiftPackageReference "Kingfisher" */,
				6714D98F2A10F013001CBD73 /* XCRemoteSwiftPackageReference "url-image" */,
			);
			productRefGroup = 67E45BAA2A0AA42100B0F711 /* Products */;
			projectDirPath = "";
			projectRoot = "";
			targets = (
				67E45BA82A0AA42100B0F711 /* deneme */,
			);
		};
/* End PBXProject section */

/* Begin PBXResourcesBuildPhase section */
		67E45BA72A0AA42100B0F711 /* Resources */ = {
			isa = PBXResourcesBuildPhase;
			buildActionMask = 2147483647;
			files = (
				67E45BB42A0AA42200B0F711 /* Preview Assets.xcassets in Resources */,
				67E45BB12A0AA42200B0F711 /* Assets.xcassets in Resources */,
			);
			runOnlyForDeploymentPostprocessing = 0;
		};
/* End PBXResourcesBuildPhase section */

/* Begin PBXSourcesBuildPhase section */
		67E45BA52A0AA42100B0F711 /* Sources */ = {
			isa = PBXSourcesBuildPhase;
			buildActionMask = 2147483647;
			files = (
				6771D8DB2A0AEA8F00D5C683 /* SongViewModel.swift in Sources */,
				67E45BBB2A0AA42800B0F711 /* GenreModel.swift in Sources */,
				67E45BAF2A0AA42100B0F711 /* ContentView.swift in Sources */,
				6771D8D92A0AD7FF00D5C683 /* AlbumViewModel.swift in Sources */,
				67A8E9E12A0EACBA00D48A91 /* CoreDataModel.xcdatamodeld in Sources */,
				67A8E9E32A0FCA2300D48A91 /* UserData.swift in Sources */,
				6771D8D72A0AD54100D5C683 /* ArtistViewModel.swift in Sources */,
				6771D8DF2A0C3DDA00D5C683 /* LikedSongsView.swift in Sources */,
				67E45BBD2A0AA4B500B0F711 /* GenreViewModel.swift in Sources */,
				6771D8E12A0C3DE500D5C683 /* NavView.swift in Sources */,
				67E45BAD2A0AA42100B0F711 /* denemeApp.swift in Sources */,
			);
			runOnlyForDeploymentPostprocessing = 0;
		};
/* End PBXSourcesBuildPhase section */

/* Begin XCBuildConfiguration section */
		67E45BB52A0AA42200B0F711 /* Debug */ = {
			isa = XCBuildConfiguration;
			buildSettings = {
				ALWAYS_SEARCH_USER_PATHS = NO;
				CLANG_ANALYZER_NONNULL = YES;
				CLANG_ANALYZER_NUMBER_OBJECT_CONVERSION = YES_AGGRESSIVE;
				CLANG_CXX_LANGUAGE_STANDARD = "gnu++20";
				CLANG_ENABLE_MODULES = YES;
				CLANG_ENABLE_OBJC_ARC = YES;
				CLANG_ENABLE_OBJC_WEAK = YES;
				CLANG_WARN_BLOCK_CAPTURE_AUTORELEASING = YES;
				CLANG_WARN_BOOL_CONVERSION = YES;
				CLANG_WARN_COMMA = YES;
				CLANG_WARN_CONSTANT_CONVERSION = YES;
				CLANG_WARN_DEPRECATED_OBJC_IMPLEMENTATIONS = YES;
				CLANG_WARN_DIRECT_OBJC_ISA_USAGE = YES_ERROR;
				CLANG_WARN_DOCUMENTATION_COMMENTS = YES;
				CLANG_WARN_EMPTY_BODY = YES;
				CLANG_WARN_ENUM_CONVERSION = YES;
				CLANG_WARN_INFINITE_RECURSION = YES;
				CLANG_WARN_INT_CONVERSION = YES;
				CLANG_WARN_NON_LITERAL_NULL_CONVERSION = YES;
				CLANG_WARN_OBJC_IMPLICIT_RETAIN_SELF = YES;
				CLANG_WARN_OBJC_LITERAL_CONVERSION = YES;
				CLANG_WARN_OBJC_ROOT_CLASS = YES_ERROR;
				CLANG_WARN_QUOTED_INCLUDE_IN_FRAMEWORK_HEADER = YES;
				CLANG_WARN_RANGE_LOOP_ANALYSIS = YES;
				CLANG_WARN_STRICT_PROTOTYPES = YES;
				CLANG_WARN_SUSPICIOUS_MOVE = YES;
				CLANG_WARN_UNGUARDED_AVAILABILITY = YES_AGGRESSIVE;
				CLANG_WARN_UNREACHABLE_CODE = YES;
				CLANG_WARN__DUPLICATE_METHOD_MATCH = YES;
				COPY_PHASE_STRIP = NO;
				DEBUG_INFORMATION_FORMAT = dwarf;
				ENABLE_STRICT_OBJC_MSGSEND = YES;
				ENABLE_TESTABILITY = YES;
				GCC_C_LANGUAGE_STANDARD = gnu11;
				GCC_DYNAMIC_NO_PIC = NO;
				GCC_NO_COMMON_BLOCKS = YES;
				GCC_OPTIMIZATION_LEVEL = 0;
				GCC_PREPROCESSOR_DEFINITIONS = (
					"DEBUG=1",
					"$(inherited)",
				);
				GCC_WARN_64_TO_32_BIT_CONVERSION = YES;
				GCC_WARN_ABOUT_RETURN_TYPE = YES_ERROR;
				GCC_WARN_UNDECLARED_SELECTOR = YES;
				GCC_WARN_UNINITIALIZED_AUTOS = YES_AGGRESSIVE;
				GCC_WARN_UNUSED_FUNCTION = YES;
				GCC_WARN_UNUSED_VARIABLE = YES;
				IPHONEOS_DEPLOYMENT_TARGET = 16.2;
				MTL_ENABLE_DEBUG_INFO = INCLUDE_SOURCE;
				MTL_FAST_MATH = YES;
				ONLY_ACTIVE_ARCH = YES;
				SDKROOT = iphoneos;
				SWIFT_ACTIVE_COMPILATION_CONDITIONS = DEBUG;
				SWIFT_OPTIMIZATION_LEVEL = "-Onone";
			};
			name = Debug;
		};
		67E45BB62A0AA42200B0F711 /* Release */ = {
			isa = XCBuildConfiguration;
			buildSettings = {
				ALWAYS_SEARCH_USER_PATHS = NO;
				CLANG_ANALYZER_NONNULL = YES;
				CLANG_ANALYZER_NUMBER_OBJECT_CONVERSION = YES_AGGRESSIVE;
				CLANG_CXX_LANGUAGE_STANDARD = "gnu++20";
				CLANG_ENABLE_MODULES = YES;
				CLANG_ENABLE_OBJC_ARC = YES;
				CLANG_ENABLE_OBJC_WEAK = YES;
				CLANG_WARN_BLOCK_CAPTURE_AUTORELEASING = YES;
				CLANG_WARN_BOOL_CONVERSION = YES;
				CLANG_WARN_COMMA = YES;
				CLANG_WARN_CONSTANT_CONVERSION = YES;
				CLANG_WARN_DEPRECATED_OBJC_IMPLEMENTATIONS = YES;
				CLANG_WARN_DIRECT_OBJC_ISA_USAGE = YES_ERROR;
				CLANG_WARN_DOCUMENTATION_COMMENTS = YES;
				CLANG_WARN_EMPTY_BODY = YES;
				CLANG_WARN_ENUM_CONVERSION = YES;
				CLANG_WARN_INFINITE_RECURSION = YES;
				CLANG_WARN_INT_CONVERSION = YES;
				CLANG_WARN_NON_LITERAL_NULL_CONVERSION = YES;
				CLANG_WARN_OBJC_IMPLICIT_RETAIN_SELF = YES;
				CLANG_WARN_OBJC_LITERAL_CONVERSION = YES;
				CLANG_WARN_OBJC_ROOT_CLASS = YES_ERROR;
				CLANG_WARN_QUOTED_INCLUDE_IN_FRAMEWORK_HEADER = YES;
				CLANG_WARN_RANGE_LOOP_ANALYSIS = YES;
				CLANG_WARN_STRICT_PROTOTYPES = YES;
				CLANG_WARN_SUSPICIOUS_MOVE = YES;
				CLANG_WARN_UNGUARDED_AVAILABILITY = YES_AGGRESSIVE;
				CLANG_WARN_UNREACHABLE_CODE = YES;
				CLANG_WARN__DUPLICATE_METHOD_MATCH = YES;
				COPY_PHASE_STRIP = NO;
				DEBUG_INFORMATION_FORMAT = "dwarf-with-dsym";
				ENABLE_NS_ASSERTIONS = NO;
				ENABLE_STRICT_OBJC_MSGSEND = YES;
				GCC_C_LANGUAGE_STANDARD = gnu11;
				GCC_NO_COMMON_BLOCKS = YES;
				GCC_WARN_64_TO_32_BIT_CONVERSION = YES;
				GCC_WARN_ABOUT_RETURN_TYPE = YES_ERROR;
				GCC_WARN_UNDECLARED_SELECTOR = YES;
				GCC_WARN_UNINITIALIZED_AUTOS = YES_AGGRESSIVE;
				GCC_WARN_UNUSED_FUNCTION = YES;
				GCC_WARN_UNUSED_VARIABLE = YES;
				IPHONEOS_DEPLOYMENT_TARGET = 16.2;
				MTL_ENABLE_DEBUG_INFO = NO;
				MTL_FAST_MATH = YES;
				SDKROOT = iphoneos;
				SWIFT_COMPILATION_MODE = wholemodule;
				SWIFT_OPTIMIZATION_LEVEL = "-O";
				VALIDATE_PRODUCT = YES;
			};
			name = Release;
		};
		67E45BB82A0AA42200B0F711 /* Debug */ = {
			isa = XCBuildConfiguration;
			buildSettings = {
				ASSETCATALOG_COMPILER_APPICON_NAME = AppIcon;
				ASSETCATALOG_COMPILER_GLOBAL_ACCENT_COLOR_NAME = AccentColor;
				CODE_SIGN_STYLE = Automatic;
				CURRENT_PROJECT_VERSION = 1;
				DEVELOPMENT_ASSET_PATHS = "\"deneme/Preview Content\"";
				DEVELOPMENT_TEAM = 659FLGR7LF;
				ENABLE_PREVIEWS = YES;
				GENERATE_INFOPLIST_FILE = YES;
				INFOPLIST_FILE = deneme/Info.plist;
				INFOPLIST_KEY_NSAppleMusicUsageDescription = "This app requires access to the media library to play audio tracks.";
				INFOPLIST_KEY_UIApplicationSceneManifest_Generation = YES;
				INFOPLIST_KEY_UIApplicationSupportsIndirectInputEvents = YES;
				INFOPLIST_KEY_UILaunchScreen_Generation = YES;
				INFOPLIST_KEY_UISupportedInterfaceOrientations_iPad = "UIInterfaceOrientationPortrait UIInterfaceOrientationPortraitUpsideDown UIInterfaceOrientationLandscapeLeft UIInterfaceOrientationLandscapeRight";
				INFOPLIST_KEY_UISupportedInterfaceOrientations_iPhone = "UIInterfaceOrientationPortrait UIInterfaceOrientationLandscapeLeft UIInterfaceOrientationLandscapeRight";
				LD_RUNPATH_SEARCH_PATHS = (
					"$(inherited)",
					"@executable_path/Frameworks",
				);
				MARKETING_VERSION = 1.0;
				PRODUCT_BUNDLE_IDENTIFIER = com.aos.deneme;
				PRODUCT_NAME = "$(TARGET_NAME)";
				SWIFT_EMIT_LOC_STRINGS = YES;
				SWIFT_VERSION = 5.0;
				TARGETED_DEVICE_FAMILY = "1,2";
			};
			name = Debug;
		};
		67E45BB92A0AA42200B0F711 /* Release */ = {
			isa = XCBuildConfiguration;
			buildSettings = {
				ASSETCATALOG_COMPILER_APPICON_NAME = AppIcon;
				ASSETCATALOG_COMPILER_GLOBAL_ACCENT_COLOR_NAME = AccentColor;
				CODE_SIGN_STYLE = Automatic;
				CURRENT_PROJECT_VERSION = 1;
				DEVELOPMENT_ASSET_PATHS = "\"deneme/Preview Content\"";
				DEVELOPMENT_TEAM = 659FLGR7LF;
				ENABLE_PREVIEWS = YES;
				GENERATE_INFOPLIST_FILE = YES;
				INFOPLIST_FILE = deneme/Info.plist;
				INFOPLIST_KEY_NSAppleMusicUsageDescription = "This app requires access to the media library to play audio tracks.";
				INFOPLIST_KEY_UIApplicationSceneManifest_Generation = YES;
				INFOPLIST_KEY_UIApplicationSupportsIndirectInputEvents = YES;
				INFOPLIST_KEY_UILaunchScreen_Generation = YES;
				INFOPLIST_KEY_UISupportedInterfaceOrientations_iPad = "UIInterfaceOrientationPortrait UIInterfaceOrientationPortraitUpsideDown UIInterfaceOrientationLandscapeLeft UIInterfaceOrientationLandscapeRight";
				INFOPLIST_KEY_UISupportedInterfaceOrientations_iPhone = "UIInterfaceOrientationPortrait UIInterfaceOrientationLandscapeLeft UIInterfaceOrientationLandscapeRight";
				LD_RUNPATH_SEARCH_PATHS = (
					"$(inherited)",
					"@executable_path/Frameworks",
				);
				MARKETING_VERSION = 1.0;
				PRODUCT_BUNDLE_IDENTIFIER = com.aos.deneme;
				PRODUCT_NAME = "$(TARGET_NAME)";
				SWIFT_EMIT_LOC_STRINGS = YES;
				SWIFT_VERSION = 5.0;
				TARGETED_DEVICE_FAMILY = "1,2";
			};
			name = Release;
		};
/* End XCBuildConfiguration section */

/* Begin XCConfigurationList section */
		67E45BA42A0AA42100B0F711 /* Build configuration list for PBXProject "deneme" */ = {
			isa = XCConfigurationList;
			buildConfigurations = (
				67E45BB52A0AA42200B0F711 /* Debug */,
				67E45BB62A0AA42200B0F711 /* Release */,
			);
			defaultConfigurationIsVisible = 0;
			defaultConfigurationName = Release;
		};
		67E45BB72A0AA42200B0F711 /* Build configuration list for PBXNativeTarget "deneme" */ = {
			isa = XCConfigurationList;
			buildConfigurations = (
				67E45BB82A0AA42200B0F711 /* Debug */,
				67E45BB92A0AA42200B0F711 /* Release */,
			);
			defaultConfigurationIsVisible = 0;
			defaultConfigurationName = Release;
		};
/* End XCConfigurationList section */

/* Begin XCRemoteSwiftPackageReference section */
		6714D98F2A10F013001CBD73 /* XCRemoteSwiftPackageReference "url-image" */ = {
			isa = XCRemoteSwiftPackageReference;
			repositoryURL = "https://github.com/dmytro-anokhin/url-image";
			requirement = {
				kind = upToNextMajorVersion;
				minimumVersion = 3.0.0;
			};
		};
		67E45BBE2A0ABC4900B0F711 /* XCRemoteSwiftPackageReference "Kingfisher" */ = {
			isa = XCRemoteSwiftPackageReference;
			repositoryURL = "https://github.com/onevcat/Kingfisher.git";
			requirement = {
				branch = master;
				kind = branch;
			};
		};
/* End XCRemoteSwiftPackageReference section */

/* Begin XCSwiftPackageProductDependency section */
		6714D9902A10F013001CBD73 /* URLImage */ = {
			isa = XCSwiftPackageProductDependency;
			package = 6714D98F2A10F013001CBD73 /* XCRemoteSwiftPackageReference "url-image" */;
			productName = URLImage;
		};
		67E45BBF2A0ABC4900B0F711 /* Kingfisher */ = {
			isa = XCSwiftPackageProductDependency;
			package = 67E45BBE2A0ABC4900B0F711 /* XCRemoteSwiftPackageReference "Kingfisher" */;
			productName = Kingfisher;
		};
/* End XCSwiftPackageProductDependency section */

/* Begin XCVersionGroup section */
		67A8E9DF2A0EACBA00D48A91 /* CoreDataModel.xcdatamodeld */ = {
			isa = XCVersionGroup;
			children = (
				67A8E9E02A0EACBA00D48A91 /* CoreDataModel.xcdatamodel */,
			);
			currentVersion = 67A8E9E02A0EACBA00D48A91 /* CoreDataModel.xcdatamodel */;
			path = CoreDataModel.xcdatamodeld;
			sourceTree = "<group>";
			versionGroupType = wrapper.xcdatamodel;
		};
/* End XCVersionGroup section */
	};
	rootObject = 67E45BA12A0AA42100B0F711 /* Project object */;
}
